
Microsoft Visual Studio Solution File, Format Version 12.00
# Visual Studio Version 17
VisualStudioVersion = 17.11.35312.102
MinimumVisualStudioVersion = 10.0.40219.1
Project("{FAE04EC0-301F-11D3-BF4B-00C04F79EFBC}") = "TicketsJO", "TicketsJO\TicketsJO.csproj", "{B625E2ED-83D1-4F98-A9EA-3F9142999D67}"
EndProject
Global
	GlobalSection(SolutionConfigurationPlatforms) = preSolution
		Debug|Any CPU = Debug|Any CPU
		Release|Any CPU = Release|Any CPU
	EndGlobalSection
	GlobalSection(ProjectConfigurationPlatforms) = postSolution
		{B625E2ED-83D1-4F98-A9EA-3F9142999D67}.Debug|Any CPU.ActiveCfg = Debug|Any CPU
		{B625E2ED-83D1-4F98-A9EA-3F9142999D67}.Debug|Any CPU.Build.0 = Debug|Any CPU
		{B625E2ED-83D1-4F98-A9EA-3F9142999D67}.Release|Any CPU.ActiveCfg = Release|Any CPU
		{B625E2ED-83D1-4F98-A9EA-3F9142999D67}.Release|Any CPU.Build.0 = Release|Any CPU
	EndGlobalSection
	GlobalSection(SolutionProperties) = preSolution
		HideSolutionNode = FALSE
	EndGlobalSection
	GlobalSection(ExtensibilityGlobals) = postSolution
		SolutionGuid = {F82191BF-8A72-4C28-818A-3DDC5D6424A2}
	EndGlobalSection
EndGlobal
